
Microsoft Visual Studio Solution File, Format Version 12.00
# Visual Studio Version 16
VisualStudioVersion = 16.0.29926.136
MinimumVisualStudioVersion = 10.0.40219.1
Project("{FAE04EC0-301F-11D3-BF4B-00C04F79EFBC}") = "StockPickManagerApp", "StockPickManagerApp\StockPickManagerApp.csproj", "{32B8EECB-0D5C-4605-B73E-265E0D93F364}"
EndProject
Global
	GlobalSection(SolutionConfigurationPlatforms) = preSolution
		Debug|Any CPU = Debug|Any CPU
		Release|Any CPU = Release|Any CPU
	EndGlobalSection
	GlobalSection(ProjectConfigurationPlatforms) = postSolution
		{32B8EECB-0D5C-4605-B73E-265E0D93F364}.Debug|Any CPU.ActiveCfg = Debug|Any CPU
		{32B8EECB-0D5C-4605-B73E-265E0D93F364}.Debug|Any CPU.Build.0 = Debug|Any CPU
		{32B8EECB-0D5C-4605-B73E-265E0D93F364}.Release|Any CPU.ActiveCfg = Release|Any CPU
		{32B8EECB-0D5C-4605-B73E-265E0D93F364}.Release|Any CPU.Build.0 = Release|Any CPU
	EndGlobalSection
	GlobalSection(SolutionProperties) = preSolution
		HideSolutionNode = FALSE
	EndGlobalSection
	GlobalSection(ExtensibilityGlobals) = postSolution
		SolutionGuid = {3E3EF88E-736E-4283-9043-2661E13FD52E}
	EndGlobalSection
EndGlobal
